// !$*UTF8*$!
{
	archiveVersion = 1;
	classes = {
	};
	objectVersion = 55;
	objects = {

/* Begin PBXBuildFile section */
		A513693B27C4B668001E94C2 /* AppDelegate.swift in Sources */ = {isa = PBXBuildFile; fileRef = A513693A27C4B668001E94C2 /* AppDelegate.swift */; };
		A513693D27C4B668001E94C2 /* SceneDelegate.swift in Sources */ = {isa = PBXBuildFile; fileRef = A513693C27C4B668001E94C2 /* SceneDelegate.swift */; };
		A513694227C4B668001E94C2 /* Main.storyboard in Resources */ = {isa = PBXBuildFile; fileRef = A513694027C4B668001E94C2 /* Main.storyboard */; };
		A513694427C4B66C001E94C2 /* Assets.xcassets in Resources */ = {isa = PBXBuildFile; fileRef = A513694327C4B66C001E94C2 /* Assets.xcassets */; };
		A513694727C4B66C001E94C2 /* LaunchScreen.storyboard in Resources */ = {isa = PBXBuildFile; fileRef = A513694527C4B66C001E94C2 /* LaunchScreen.storyboard */; };
		A513694F27C4B765001E94C2 /* WatchListTableViewController.swift in Sources */ = {isa = PBXBuildFile; fileRef = A513694E27C4B765001E94C2 /* WatchListTableViewController.swift */; };
		A513695127C4B886001E94C2 /* watchListTableViewCell.swift in Sources */ = {isa = PBXBuildFile; fileRef = A513695027C4B886001E94C2 /* watchListTableViewCell.swift */; };
		A513695327C4BF05001E94C2 /* stockInfo.swift in Sources */ = {isa = PBXBuildFile; fileRef = A513695227C4BF05001E94C2 /* stockInfo.swift */; };
		A51A53F727D3189500B181BF /* TransactionDetailTableViewCell.swift in Sources */ = {isa = PBXBuildFile; fileRef = A51A53F627D3189500B181BF /* TransactionDetailTableViewCell.swift */; };
		A523EF0A27C5518A00B1D980 /* CodableCSV in Frameworks */ = {isa = PBXBuildFile; productRef = A523EF0927C5518A00B1D980 /* CodableCSV */; };
		A523EF0C27C5532000B1D980 /* SearchStockTableViewController.swift in Sources */ = {isa = PBXBuildFile; fileRef = A523EF0B27C5532000B1D980 /* SearchStockTableViewController.swift */; };
		A523F4CE27E37FF500AA40A5 /* websocketStockInfo.swift in Sources */ = {isa = PBXBuildFile; fileRef = A523F4CD27E37FF500AA40A5 /* websocketStockInfo.swift */; };
		A52C6FD427D5E5D400AA23CF /* transactionModel.xcdatamodeld in Sources */ = {isa = PBXBuildFile; fileRef = A52C6FD227D5E5D400AA23CF /* transactionModel.xcdatamodeld */; };
		A532E1F627D1FEDA004D61BB /* transactionReportTableViewController.swift in Sources */ = {isa = PBXBuildFile; fileRef = A532E1F527D1FEDA004D61BB /* transactionReportTableViewController.swift */; };
		A532E1F827D1FF07004D61BB /* transactionDetailTableViewController.swift in Sources */ = {isa = PBXBuildFile; fileRef = A532E1F727D1FF07004D61BB /* transactionDetailTableViewController.swift */; };
		A53CF93927E0ED9700D63441 /* stockStatistics.swift in Sources */ = {isa = PBXBuildFile; fileRef = A53CF93827E0ED9700D63441 /* stockStatistics.swift */; };
		A552E98327E6F62700BC1415 /* doubleExtension.swift in Sources */ = {isa = PBXBuildFile; fileRef = A552E98227E6F62700BC1415 /* doubleExtension.swift */; };
		A56F81B127C61367005032DD /* SearchStockTableViewCell.swift in Sources */ = {isa = PBXBuildFile; fileRef = A56F81B027C61367005032DD /* SearchStockTableViewCell.swift */; };
		A58956E927D2176E008E71C4 /* transactionReportTableViewCell.swift in Sources */ = {isa = PBXBuildFile; fileRef = A58956E827D2176E008E71C4 /* transactionReportTableViewCell.swift */; };
		A5D2B9FA27CE6AD5009F931F /* addTransactionTableViewController.swift in Sources */ = {isa = PBXBuildFile; fileRef = A5D2B9F927CE6AD4009F931F /* addTransactionTableViewController.swift */; };
		A5D5707B27DF26CF0087487B /* Charts in Frameworks */ = {isa = PBXBuildFile; productRef = A5D5707A27DF26CF0087487B /* Charts */; };
/* End PBXBuildFile section */

/* Begin PBXFileReference section */
		A513693727C4B668001E94C2 /* stockTracker.app */ = {isa = PBXFileReference; explicitFileType = wrapper.application; includeInIndex = 0; path = stockTracker.app; sourceTree = BUILT_PRODUCTS_DIR; };
		A513693A27C4B668001E94C2 /* AppDelegate.swift */ = {isa = PBXFileReference; lastKnownFileType = sourcecode.swift; path = AppDelegate.swift; sourceTree = "<group>"; };
		A513693C27C4B668001E94C2 /* SceneDelegate.swift */ = {isa = PBXFileReference; lastKnownFileType = sourcecode.swift; path = SceneDelegate.swift; sourceTree = "<group>"; };
		A513694127C4B668001E94C2 /* Base */ = {isa = PBXFileReference; lastKnownFileType = file.storyboard; name = Base; path = Base.lproj/Main.storyboard; sourceTree = "<group>"; };
		A513694327C4B66C001E94C2 /* Assets.xcassets */ = {isa = PBXFileReference; lastKnownFileType = folder.assetcatalog; path = Assets.xcassets; sourceTree = "<group>"; };
		A513694627C4B66C001E94C2 /* Base */ = {isa = PBXFileReference; lastKnownFileType = file.storyboard; name = Base; path = Base.lproj/LaunchScreen.storyboard; sourceTree = "<group>"; };
		A513694827C4B66C001E94C2 /* Info.plist */ = {isa = PBXFileReference; lastKnownFileType = text.plist.xml; path = Info.plist; sourceTree = "<group>"; };
		A513694E27C4B765001E94C2 /* WatchListTableViewController.swift */ = {isa = PBXFileReference; lastKnownFileType = sourcecode.swift; path = WatchListTableViewController.swift; sourceTree = "<group>"; };
		A513695027C4B886001E94C2 /* watchListTableViewCell.swift */ = {isa = PBXFileReference; lastKnownFileType = sourcecode.swift; path = watchListTableViewCell.swift; sourceTree = "<group>"; };
		A513695227C4BF05001E94C2 /* stockInfo.swift */ = {isa = PBXFileReference; lastKnownFileType = sourcecode.swift; path = stockInfo.swift; sourceTree = "<group>"; };
		A51A53F627D3189500B181BF /* TransactionDetailTableViewCell.swift */ = {isa = PBXFileReference; lastKnownFileType = sourcecode.swift; path = TransactionDetailTableViewCell.swift; sourceTree = "<group>"; };
		A523EF0B27C5532000B1D980 /* SearchStockTableViewController.swift */ = {isa = PBXFileReference; lastKnownFileType = sourcecode.swift; path = SearchStockTableViewController.swift; sourceTree = "<group>"; };
		A523F4CD27E37FF500AA40A5 /* websocketStockInfo.swift */ = {isa = PBXFileReference; lastKnownFileType = sourcecode.swift; path = websocketStockInfo.swift; sourceTree = "<group>"; };
		A52C6FD327D5E5D400AA23CF /* transactionModel.xcdatamodel */ = {isa = PBXFileReference; lastKnownFileType = wrapper.xcdatamodel; path = transactionModel.xcdatamodel; sourceTree = "<group>"; };
		A532E1F527D1FEDA004D61BB /* transactionReportTableViewController.swift */ = {isa = PBXFileReference; lastKnownFileType = sourcecode.swift; path = transactionReportTableViewController.swift; sourceTree = "<group>"; };
		A532E1F727D1FF07004D61BB /* transactionDetailTableViewController.swift */ = {isa = PBXFileReference; lastKnownFileType = sourcecode.swift; path = transactionDetailTableViewController.swift; sourceTree = "<group>"; };
		A53CF93827E0ED9700D63441 /* stockStatistics.swift */ = {isa = PBXFileReference; lastKnownFileType = sourcecode.swift; path = stockStatistics.swift; sourceTree = "<group>"; };
		A552E98227E6F62700BC1415 /* doubleExtension.swift */ = {isa = PBXFileReference; lastKnownFileType = sourcecode.swift; path = doubleExtension.swift; sourceTree = "<group>"; };
		A56F81B027C61367005032DD /* SearchStockTableViewCell.swift */ = {isa = PBXFileReference; lastKnownFileType = sourcecode.swift; path = SearchStockTableViewCell.swift; sourceTree = "<group>"; };
		A58956E827D2176E008E71C4 /* transactionReportTableViewCell.swift */ = {isa = PBXFileReference; lastKnownFileType = sourcecode.swift; path = transactionReportTableViewCell.swift; sourceTree = "<group>"; };
		A5D2B9F927CE6AD4009F931F /* addTransactionTableViewController.swift */ = {isa = PBXFileReference; lastKnownFileType = sourcecode.swift; path = addTransactionTableViewController.swift; sourceTree = "<group>"; };
/* End PBXFileReference section */

/* Begin PBXFrameworksBuildPhase section */
		A513693427C4B668001E94C2 /* Frameworks */ = {
			isa = PBXFrameworksBuildPhase;
			buildActionMask = 2147483647;
			files = (
				A523EF0A27C5518A00B1D980 /* CodableCSV in Frameworks */,
				A5D5707B27DF26CF0087487B /* Charts in Frameworks */,
			);
			runOnlyForDeploymentPostprocessing = 0;
		};
/* End PBXFrameworksBuildPhase section */

/* Begin PBXGroup section */
		A513692E27C4B668001E94C2 = {
			isa = PBXGroup;
			children = (
				A513693927C4B668001E94C2 /* stockTracker */,
				A513693827C4B668001E94C2 /* Products */,
			);
			sourceTree = "<group>";
		};
		A513693827C4B668001E94C2 /* Products */ = {
			isa = PBXGroup;
			children = (
				A513693727C4B668001E94C2 /* stockTracker.app */,
			);
			name = Products;
			sourceTree = "<group>";
		};
		A513693927C4B668001E94C2 /* stockTracker */ = {
			isa = PBXGroup;
			children = (
				A513695227C4BF05001E94C2 /* stockInfo.swift */,
				A53CF93827E0ED9700D63441 /* stockStatistics.swift */,
				A513693A27C4B668001E94C2 /* AppDelegate.swift */,
				A513693C27C4B668001E94C2 /* SceneDelegate.swift */,
				A513694027C4B668001E94C2 /* Main.storyboard */,
				A51A53F627D3189500B181BF /* TransactionDetailTableViewCell.swift */,
				A58956E827D2176E008E71C4 /* transactionReportTableViewCell.swift */,
				A532E1F727D1FF07004D61BB /* transactionDetailTableViewController.swift */,
				A532E1F527D1FEDA004D61BB /* transactionReportTableViewController.swift */,
				A552E98227E6F62700BC1415 /* doubleExtension.swift */,
				A523F4CD27E37FF500AA40A5 /* websocketStockInfo.swift */,
				A5D2B9F927CE6AD4009F931F /* addTransactionTableViewController.swift */,
				A56F81B027C61367005032DD /* SearchStockTableViewCell.swift */,
				A523EF0B27C5532000B1D980 /* SearchStockTableViewController.swift */,
				A513695027C4B886001E94C2 /* watchListTableViewCell.swift */,
				A513694E27C4B765001E94C2 /* WatchListTableViewController.swift */,
				A513694327C4B66C001E94C2 /* Assets.xcassets */,
				A513694527C4B66C001E94C2 /* LaunchScreen.storyboard */,
				A513694827C4B66C001E94C2 /* Info.plist */,
				A52C6FD227D5E5D400AA23CF /* transactionModel.xcdatamodeld */,
			);
			path = stockTracker;
			sourceTree = "<group>";
		};
/* End PBXGroup section */

/* Begin PBXNativeTarget section */
		A513693627C4B668001E94C2 /* stockTracker */ = {
			isa = PBXNativeTarget;
			buildConfigurationList = A513694B27C4B66C001E94C2 /* Build configuration list for PBXNativeTarget "stockTracker" */;
			buildPhases = (
				A513693327C4B668001E94C2 /* Sources */,
				A513693427C4B668001E94C2 /* Frameworks */,
				A513693527C4B668001E94C2 /* Resources */,
			);
			buildRules = (
			);
			dependencies = (
			);
			name = stockTracker;
			packageProductDependencies = (
				A523EF0927C5518A00B1D980 /* CodableCSV */,
				A5D5707A27DF26CF0087487B /* Charts */,
			);
			productName = stockTracker;
			productReference = A513693727C4B668001E94C2 /* stockTracker.app */;
			productType = "com.apple.product-type.application";
		};
/* End PBXNativeTarget section */

/* Begin PBXProject section */
		A513692F27C4B668001E94C2 /* Project object */ = {
			isa = PBXProject;
			attributes = {
				BuildIndependentTargetsInParallel = 1;
				LastSwiftUpdateCheck = 1310;
				LastUpgradeCheck = 1310;
				TargetAttributes = {
					A513693627C4B668001E94C2 = {
						CreatedOnToolsVersion = 13.1;
					};
				};
			};
			buildConfigurationList = A513693227C4B668001E94C2 /* Build configuration list for PBXProject "stockTracker" */;
			compatibilityVersion = "Xcode 13.0";
			developmentRegion = en;
			hasScannedForEncodings = 0;
			knownRegions = (
				en,
				Base,
			);
			mainGroup = A513692E27C4B668001E94C2;
			packageReferences = (
				A523EF0827C5518A00B1D980 /* XCRemoteSwiftPackageReference "CodableCSV" */,
				A5D5707927DF26CF0087487B /* XCRemoteSwiftPackageReference "Charts" */,
			);
			productRefGroup = A513693827C4B668001E94C2 /* Products */;
			projectDirPath = "";
			projectRoot = "";
			targets = (
				A513693627C4B668001E94C2 /* stockTracker */,
			);
		};
/* End PBXProject section */

/* Begin PBXResourcesBuildPhase section */
		A513693527C4B668001E94C2 /* Resources */ = {
			isa = PBXResourcesBuildPhase;
			buildActionMask = 2147483647;
			files = (
				A513694727C4B66C001E94C2 /* LaunchScreen.storyboard in Resources */,
				A513694427C4B66C001E94C2 /* Assets.xcassets in Resources */,
				A513694227C4B668001E94C2 /* Main.storyboard in Resources */,
			);
			runOnlyForDeploymentPostprocessing = 0;
		};
/* End PBXResourcesBuildPhase section */

/* Begin PBXSourcesBuildPhase section */
		A513693327C4B668001E94C2 /* Sources */ = {
			isa = PBXSourcesBuildPhase;
			buildActionMask = 2147483647;
			files = (
				A58956E927D2176E008E71C4 /* transactionReportTableViewCell.swift in Sources */,
				A51A53F727D3189500B181BF /* TransactionDetailTableViewCell.swift in Sources */,
				A513693B27C4B668001E94C2 /* AppDelegate.swift in Sources */,
				A513693D27C4B668001E94C2 /* SceneDelegate.swift in Sources */,
				A513694F27C4B765001E94C2 /* WatchListTableViewController.swift in Sources */,
				A513695327C4BF05001E94C2 /* stockInfo.swift in Sources */,
				A523F4CE27E37FF500AA40A5 /* websocketStockInfo.swift in Sources */,
				A523EF0C27C5532000B1D980 /* SearchStockTableViewController.swift in Sources */,
				A552E98327E6F62700BC1415 /* doubleExtension.swift in Sources */,
				A532E1F827D1FF07004D61BB /* transactionDetailTableViewController.swift in Sources */,
				A52C6FD427D5E5D400AA23CF /* transactionModel.xcdatamodeld in Sources */,
				A56F81B127C61367005032DD /* SearchStockTableViewCell.swift in Sources */,
				A53CF93927E0ED9700D63441 /* stockStatistics.swift in Sources */,
				A532E1F627D1FEDA004D61BB /* transactionReportTableViewController.swift in Sources */,
				A513695127C4B886001E94C2 /* watchListTableViewCell.swift in Sources */,
				A5D2B9FA27CE6AD5009F931F /* addTransactionTableViewController.swift in Sources */,
			);
			runOnlyForDeploymentPostprocessing = 0;
		};
/* End PBXSourcesBuildPhase section */

/* Begin PBXVariantGroup section */
		A513694027C4B668001E94C2 /* Main.storyboard */ = {
			isa = PBXVariantGroup;
			children = (
				A513694127C4B668001E94C2 /* Base */,
			);
			name = Main.storyboard;
			sourceTree = "<group>";
		};
		A513694527C4B66C001E94C2 /* LaunchScreen.storyboard */ = {
			isa = PBXVariantGroup;
			children = (
				A513694627C4B66C001E94C2 /* Base */,
			);
			name = LaunchScreen.storyboard;
			sourceTree = "<group>";
		};
/* End PBXVariantGroup section */

/* Begin XCBuildConfiguration section */
		A513694927C4B66C001E94C2 /* Debug */ = {
			isa = XCBuildConfiguration;
			buildSettings = {
				ALWAYS_SEARCH_USER_PATHS = NO;
				CLANG_ANALYZER_NONNULL = YES;
				CLANG_ANALYZER_NUMBER_OBJECT_CONVERSION = YES_AGGRESSIVE;
				CLANG_CXX_LANGUAGE_STANDARD = "gnu++17";
				CLANG_CXX_LIBRARY = "libc++";
				CLANG_ENABLE_MODULES = YES;
				CLANG_ENABLE_OBJC_ARC = YES;
				CLANG_ENABLE_OBJC_WEAK = YES;
				CLANG_WARN_BLOCK_CAPTURE_AUTORELEASING = YES;
				CLANG_WARN_BOOL_CONVERSION = YES;
				CLANG_WARN_COMMA = YES;
				CLANG_WARN_CONSTANT_CONVERSION = YES;
				CLANG_WARN_DEPRECATED_OBJC_IMPLEMENTATIONS = YES;
				CLANG_WARN_DIRECT_OBJC_ISA_USAGE = YES_ERROR;
				CLANG_WARN_DOCUMENTATION_COMMENTS = YES;
				CLANG_WARN_EMPTY_BODY = YES;
				CLANG_WARN_ENUM_CONVERSION = YES;
				CLANG_WARN_INFINITE_RECURSION = YES;
				CLANG_WARN_INT_CONVERSION = YES;
				CLANG_WARN_NON_LITERAL_NULL_CONVERSION = YES;
				CLANG_WARN_OBJC_IMPLICIT_RETAIN_SELF = YES;
				CLANG_WARN_OBJC_LITERAL_CONVERSION = YES;
				CLANG_WARN_OBJC_ROOT_CLASS = YES_ERROR;
				CLANG_WARN_QUOTED_INCLUDE_IN_FRAMEWORK_HEADER = YES;
				CLANG_WARN_RANGE_LOOP_ANALYSIS = YES;
				CLANG_WARN_STRICT_PROTOTYPES = YES;
				CLANG_WARN_SUSPICIOUS_MOVE = YES;
				CLANG_WARN_UNGUARDED_AVAILABILITY = YES_AGGRESSIVE;
				CLANG_WARN_UNREACHABLE_CODE = YES;
				CLANG_WARN__DUPLICATE_METHOD_MATCH = YES;
				COPY_PHASE_STRIP = NO;
				DEBUG_INFORMATION_FORMAT = dwarf;
				ENABLE_STRICT_OBJC_MSGSEND = YES;
				ENABLE_TESTABILITY = YES;
				GCC_C_LANGUAGE_STANDARD = gnu11;
				GCC_DYNAMIC_NO_PIC = NO;
				GCC_NO_COMMON_BLOCKS = YES;
				GCC_OPTIMIZATION_LEVEL = 0;
				GCC_PREPROCESSOR_DEFINITIONS = (
					"DEBUG=1",
					"$(inherited)",
				);
				GCC_WARN_64_TO_32_BIT_CONVERSION = YES;
				GCC_WARN_ABOUT_RETURN_TYPE = YES_ERROR;
				GCC_WARN_UNDECLARED_SELECTOR = YES;
				GCC_WARN_UNINITIALIZED_AUTOS = YES_AGGRESSIVE;
				GCC_WARN_UNUSED_FUNCTION = YES;
				GCC_WARN_UNUSED_VARIABLE = YES;
				IPHONEOS_DEPLOYMENT_TARGET = 15.0;
				MTL_ENABLE_DEBUG_INFO = INCLUDE_SOURCE;
				MTL_FAST_MATH = YES;
				ONLY_ACTIVE_ARCH = YES;
				SDKROOT = iphoneos;
				SWIFT_ACTIVE_COMPILATION_CONDITIONS = DEBUG;
				SWIFT_OPTIMIZATION_LEVEL = "-Onone";
			};
			name = Debug;
		};
		A513694A27C4B66C001E94C2 /* Release */ = {
			isa = XCBuildConfiguration;
			buildSettings = {
				ALWAYS_SEARCH_USER_PATHS = NO;
				CLANG_ANALYZER_NONNULL = YES;
				CLANG_ANALYZER_NUMBER_OBJECT_CONVERSION = YES_AGGRESSIVE;
				CLANG_CXX_LANGUAGE_STANDARD = "gnu++17";
				CLANG_CXX_LIBRARY = "libc++";
				CLANG_ENABLE_MODULES = YES;
				CLANG_ENABLE_OBJC_ARC = YES;
				CLANG_ENABLE_OBJC_WEAK = YES;
				CLANG_WARN_BLOCK_CAPTURE_AUTORELEASING = YES;
				CLANG_WARN_BOOL_CONVERSION = YES;
				CLANG_WARN_COMMA = YES;
				CLANG_WARN_CONSTANT_CONVERSION = YES;
				CLANG_WARN_DEPRECATED_OBJC_IMPLEMENTATIONS = YES;
				CLANG_WARN_DIRECT_OBJC_ISA_USAGE = YES_ERROR;
				CLANG_WARN_DOCUMENTATION_COMMENTS = YES;
				CLANG_WARN_EMPTY_BODY = YES;
				CLANG_WARN_ENUM_CONVERSION = YES;
				CLANG_WARN_INFINITE_RECURSION = YES;
				CLANG_WARN_INT_CONVERSION = YES;
				CLANG_WARN_NON_LITERAL_NULL_CONVERSION = YES;
				CLANG_WARN_OBJC_IMPLICIT_RETAIN_SELF = YES;
				CLANG_WARN_OBJC_LITERAL_CONVERSION = YES;
				CLANG_WARN_OBJC_ROOT_CLASS = YES_ERROR;
				CLANG_WARN_QUOTED_INCLUDE_IN_FRAMEWORK_HEADER = YES;
				CLANG_WARN_RANGE_LOOP_ANALYSIS = YES;
				CLANG_WARN_STRICT_PROTOTYPES = YES;
				CLANG_WARN_SUSPICIOUS_MOVE = YES;
				CLANG_WARN_UNGUARDED_AVAILABILITY = YES_AGGRESSIVE;
				CLANG_WARN_UNREACHABLE_CODE = YES;
				CLANG_WARN__DUPLICATE_METHOD_MATCH = YES;
				COPY_PHASE_STRIP = NO;
				DEBUG_INFORMATION_FORMAT = "dwarf-with-dsym";
				ENABLE_NS_ASSERTIONS = NO;
				ENABLE_STRICT_OBJC_MSGSEND = YES;
				GCC_C_LANGUAGE_STANDARD = gnu11;
				GCC_NO_COMMON_BLOCKS = YES;
				GCC_WARN_64_TO_32_BIT_CONVERSION = YES;
				GCC_WARN_ABOUT_RETURN_TYPE = YES_ERROR;
				GCC_WARN_UNDECLARED_SELECTOR = YES;
				GCC_WARN_UNINITIALIZED_AUTOS = YES_AGGRESSIVE;
				GCC_WARN_UNUSED_FUNCTION = YES;
				GCC_WARN_UNUSED_VARIABLE = YES;
				IPHONEOS_DEPLOYMENT_TARGET = 15.0;
				MTL_ENABLE_DEBUG_INFO = NO;
				MTL_FAST_MATH = YES;
				SDKROOT = iphoneos;
				SWIFT_COMPILATION_MODE = wholemodule;
				SWIFT_OPTIMIZATION_LEVEL = "-O";
				VALIDATE_PRODUCT = YES;
			};
			name = Release;
		};
		A513694C27C4B66C001E94C2 /* Debug */ = {
			isa = XCBuildConfiguration;
			buildSettings = {
				ASSETCATALOG_COMPILER_APPICON_NAME = AppIcon;
				ASSETCATALOG_COMPILER_GLOBAL_ACCENT_COLOR_NAME = AccentColor;
				CODE_SIGN_STYLE = Automatic;
				CURRENT_PROJECT_VERSION = 1;
				GENERATE_INFOPLIST_FILE = YES;
				INFOPLIST_FILE = stockTracker/Info.plist;
				INFOPLIST_KEY_UIApplicationSupportsIndirectInputEvents = YES;
				INFOPLIST_KEY_UILaunchStoryboardName = LaunchScreen;
				INFOPLIST_KEY_UIMainStoryboardFile = Main;
				INFOPLIST_KEY_UISupportedInterfaceOrientations_iPad = "UIInterfaceOrientationPortrait UIInterfaceOrientationPortraitUpsideDown UIInterfaceOrientationLandscapeLeft UIInterfaceOrientationLandscapeRight";
				INFOPLIST_KEY_UISupportedInterfaceOrientations_iPhone = "UIInterfaceOrientationPortrait UIInterfaceOrientationLandscapeLeft UIInterfaceOrientationLandscapeRight";
				LD_RUNPATH_SEARCH_PATHS = (
					"$(inherited)",
					"@executable_path/Frameworks",
				);
				MARKETING_VERSION = 1.0;
				PRODUCT_BUNDLE_IDENTIFIER = hoodie.stockTracker;
				PRODUCT_NAME = "$(TARGET_NAME)";
				SWIFT_EMIT_LOC_STRINGS = YES;
				SWIFT_VERSION = 5.0;
				TARGETED_DEVICE_FAMILY = "1,2";
			};
			name = Debug;
		};
		A513694D27C4B66C001E94C2 /* Release */ = {
			isa = XCBuildConfiguration;
			buildSettings = {
				ASSETCATALOG_COMPILER_APPICON_NAME = AppIcon;
				ASSETCATALOG_COMPILER_GLOBAL_ACCENT_COLOR_NAME = AccentColor;
				CODE_SIGN_STYLE = Automatic;
				CURRENT_PROJECT_VERSION = 1;
				GENERATE_INFOPLIST_FILE = YES;
				INFOPLIST_FILE = stockTracker/Info.plist;
				INFOPLIST_KEY_UIApplicationSupportsIndirectInputEvents = YES;
				INFOPLIST_KEY_UILaunchStoryboardName = LaunchScreen;
				INFOPLIST_KEY_UIMainStoryboardFile = Main;
				INFOPLIST_KEY_UISupportedInterfaceOrientations_iPad = "UIInterfaceOrientationPortrait UIInterfaceOrientationPortraitUpsideDown UIInterfaceOrientationLandscapeLeft UIInterfaceOrientationLandscapeRight";
				INFOPLIST_KEY_UISupportedInterfaceOrientations_iPhone = "UIInterfaceOrientationPortrait UIInterfaceOrientationLandscapeLeft UIInterfaceOrientationLandscapeRight";
				LD_RUNPATH_SEARCH_PATHS = (
					"$(inherited)",
					"@executable_path/Frameworks",
				);
				MARKETING_VERSION = 1.0;
				PRODUCT_BUNDLE_IDENTIFIER = hoodie.stockTracker;
				PRODUCT_NAME = "$(TARGET_NAME)";
				SWIFT_EMIT_LOC_STRINGS = YES;
				SWIFT_VERSION = 5.0;
				TARGETED_DEVICE_FAMILY = "1,2";
			};
			name = Release;
		};
/* End XCBuildConfiguration section */

/* Begin XCConfigurationList section */
		A513693227C4B668001E94C2 /* Build configuration list for PBXProject "stockTracker" */ = {
			isa = XCConfigurationList;
			buildConfigurations = (
				A513694927C4B66C001E94C2 /* Debug */,
				A513694A27C4B66C001E94C2 /* Release */,
			);
			defaultConfigurationIsVisible = 0;
			defaultConfigurationName = Release;
		};
		A513694B27C4B66C001E94C2 /* Build configuration list for PBXNativeTarget "stockTracker" */ = {
			isa = XCConfigurationList;
			buildConfigurations = (
				A513694C27C4B66C001E94C2 /* Debug */,
				A513694D27C4B66C001E94C2 /* Release */,
			);
			defaultConfigurationIsVisible = 0;
			defaultConfigurationName = Release;
		};
/* End XCConfigurationList section */

/* Begin XCRemoteSwiftPackageReference section */
		A523EF0827C5518A00B1D980 /* XCRemoteSwiftPackageReference "CodableCSV" */ = {
			isa = XCRemoteSwiftPackageReference;
			repositoryURL = "https://github.com/dehesa/CodableCSV";
			requirement = {
				kind = upToNextMajorVersion;
				minimumVersion = 0.6.7;
			};
		};
		A5D5707927DF26CF0087487B /* XCRemoteSwiftPackageReference "Charts" */ = {
			isa = XCRemoteSwiftPackageReference;
			repositoryURL = "https://github.com/danielgindi/Charts";
			requirement = {
				kind = upToNextMajorVersion;
				minimumVersion = 4.0.0;
			};
		};
/* End XCRemoteSwiftPackageReference section */

/* Begin XCSwiftPackageProductDependency section */
		A523EF0927C5518A00B1D980 /* CodableCSV */ = {
			isa = XCSwiftPackageProductDependency;
			package = A523EF0827C5518A00B1D980 /* XCRemoteSwiftPackageReference "CodableCSV" */;
			productName = CodableCSV;
		};
		A5D5707A27DF26CF0087487B /* Charts */ = {
			isa = XCSwiftPackageProductDependency;
			package = A5D5707927DF26CF0087487B /* XCRemoteSwiftPackageReference "Charts" */;
			productName = Charts;
		};
/* End XCSwiftPackageProductDependency section */

/* Begin XCVersionGroup section */
		A52C6FD227D5E5D400AA23CF /* transactionModel.xcdatamodeld */ = {
			isa = XCVersionGroup;
			children = (
				A52C6FD327D5E5D400AA23CF /* transactionModel.xcdatamodel */,
			);
			currentVersion = A52C6FD327D5E5D400AA23CF /* transactionModel.xcdatamodel */;
			path = transactionModel.xcdatamodeld;
			sourceTree = "<group>";
			versionGroupType = wrapper.xcdatamodel;
		};
/* End XCVersionGroup section */
	};
	rootObject = A513692F27C4B668001E94C2 /* Project object */;
}
